
Microsoft Visual Studio Solution File, Format Version 12.00
# Visual Studio Version 17
VisualStudioVersion = 17.9.34902.65
MinimumVisualStudioVersion = 10.0.40219.1
Project("{FAE04EC0-301F-11D3-BF4B-00C04F79EFBC}") = "EducalBackend", "EducalBackend\EducalBackend.csproj", "{289FBDB9-2E13-470C-82A9-E04CD2503A4D}"
EndProject
Global
	GlobalSection(SolutionConfigurationPlatforms) = preSolution
		Debug|Any CPU = Debug|Any CPU
		Release|Any CPU = Release|Any CPU
	EndGlobalSection
	GlobalSection(ProjectConfigurationPlatforms) = postSolution
		{289FBDB9-2E13-470C-82A9-E04CD2503A4D}.Debug|Any CPU.ActiveCfg = Debug|Any CPU
		{289FBDB9-2E13-470C-82A9-E04CD2503A4D}.Debug|Any CPU.Build.0 = Debug|Any CPU
		{289FBDB9-2E13-470C-82A9-E04CD2503A4D}.Release|Any CPU.ActiveCfg = Release|Any CPU
		{289FBDB9-2E13-470C-82A9-E04CD2503A4D}.Release|Any CPU.Build.0 = Release|Any CPU
	EndGlobalSection
	GlobalSection(SolutionProperties) = preSolution
		HideSolutionNode = FALSE
	EndGlobalSection
	GlobalSection(ExtensibilityGlobals) = postSolution
		SolutionGuid = {E18BA1A2-F430-45A1-BD43-9F998CD249E2}
	EndGlobalSection
EndGlobal
